// !$*UTF8*$!
{
	archiveVersion = 1;
	classes = {
	};
	objectVersion = 50;
	objects = {

/* Begin PBXBuildFile section */
		C817C34D209FED7D00A472B4 /* WebBookController.m in Sources */ = {isa = PBXBuildFile; fileRef = C817C34C209FED7D00A472B4 /* WebBookController.m */; };
		C817C350209FED9E00A472B4 /* WebBookViewModel.m in Sources */ = {isa = PBXBuildFile; fileRef = C817C34F209FED9E00A472B4 /* WebBookViewModel.m */; };
		C855B67B2099A6E800F7A73E /* 紫川.txt in Resources */ = {isa = PBXBuildFile; fileRef = C855B67A2099A6E700F7A73E /* 紫川.txt */; };
		C88DAA84209C06D600AC9252 /* TabBarController.m in Sources */ = {isa = PBXBuildFile; fileRef = C88DAA82209C06D500AC9252 /* TabBarController.m */; };
		C88DAA8F209C102A00AC9252 /* BookIndexController.m in Sources */ = {isa = PBXBuildFile; fileRef = C88DAA8E209C102A00AC9252 /* BookIndexController.m */; };
		C88DAA92209C10C300AC9252 /* BookIndexImgCell.m in Sources */ = {isa = PBXBuildFile; fileRef = C88DAA91209C10C300AC9252 /* BookIndexImgCell.m */; };
		C88DAA95209C10DB00AC9252 /* BookIndexNoImgCell.m in Sources */ = {isa = PBXBuildFile; fileRef = C88DAA94209C10DB00AC9252 /* BookIndexNoImgCell.m */; };
		C88DAA98209C378C00AC9252 /* BookIndexSectionView.m in Sources */ = {isa = PBXBuildFile; fileRef = C88DAA97209C378C00AC9252 /* BookIndexSectionView.m */; };
		C88DAA9B209C3DB800AC9252 /* BookIndexModel.m in Sources */ = {isa = PBXBuildFile; fileRef = C88DAA9A209C3DB800AC9252 /* BookIndexModel.m */; };
		C88DAA9E209C3E8000AC9252 /* BookIndexViewModel.m in Sources */ = {isa = PBXBuildFile; fileRef = C88DAA9D209C3E8000AC9252 /* BookIndexViewModel.m */; };
		C8990E3A2094042A0095D96A /* BookController.m in Sources */ = {isa = PBXBuildFile; fileRef = C8990E392094042A0095D96A /* BookController.m */; };
		C8990E3E209406410095D96A /* BookViewModel.m in Sources */ = {isa = PBXBuildFile; fileRef = C8990E3D209406410095D96A /* BookViewModel.m */; };
		C8990E412094067A0095D96A /* BookModel.m in Sources */ = {isa = PBXBuildFile; fileRef = C8990E402094067A0095D96A /* BookModel.m */; };
		C8990E44209406AF0095D96A /* BookChapModel.m in Sources */ = {isa = PBXBuildFile; fileRef = C8990E43209406AF0095D96A /* BookChapModel.m */; };
		C8990E47209459660095D96A /* BookPageController.m in Sources */ = {isa = PBXBuildFile; fileRef = C8990E46209459660095D96A /* BookPageController.m */; };
		C8990E4A209460F80095D96A /* BookReadView.m in Sources */ = {isa = PBXBuildFile; fileRef = C8990E49209460F80095D96A /* BookReadView.m */; };
		C89A7F6420A195160057B31A /* BookShelfController.m in Sources */ = {isa = PBXBuildFile; fileRef = C89A7F6320A195160057B31A /* BookShelfController.m */; };
		C89A7F6720A19A360057B31A /* BookChapListController.m in Sources */ = {isa = PBXBuildFile; fileRef = C89A7F6620A19A360057B31A /* BookChapListController.m */; };
		C89A7F6A20A19A5E0057B31A /* BookChapListCell.m in Sources */ = {isa = PBXBuildFile; fileRef = C89A7F6920A19A5E0057B31A /* BookChapListCell.m */; };
		C8B647F4209D88570071EA21 /* BookInfoController.m in Sources */ = {isa = PBXBuildFile; fileRef = C8B647F3209D88570071EA21 /* BookInfoController.m */; };
		C8B647FB209D90220071EA21 /* BookInfoCell.m in Sources */ = {isa = PBXBuildFile; fileRef = C8B647FA209D90220071EA21 /* BookInfoCell.m */; };
		C8B647FE209D90400071EA21 /* BookInfoSectionView.m in Sources */ = {isa = PBXBuildFile; fileRef = C8B647FD209D90400071EA21 /* BookInfoSectionView.m */; };
		C8B64801209D96E40071EA21 /* BookInfoTableHeadView.m in Sources */ = {isa = PBXBuildFile; fileRef = C8B64800209D96E40071EA21 /* BookInfoTableHeadView.m */; };
		C8B64804209DA2200071EA21 /* BookInfoModel.m in Sources */ = {isa = PBXBuildFile; fileRef = C8B64803209DA2200071EA21 /* BookInfoModel.m */; };
		C8B64807209DA2300071EA21 /* BookInfoChapModel.m in Sources */ = {isa = PBXBuildFile; fileRef = C8B64806209DA2300071EA21 /* BookInfoChapModel.m */; };
		C8B6480A209DA4A20071EA21 /* BookInfoViewModel.m in Sources */ = {isa = PBXBuildFile; fileRef = C8B64809209DA4A20071EA21 /* BookInfoViewModel.m */; };
		C8DED9A720A2E79500EF72B8 /* WBDatabase.m in Sources */ = {isa = PBXBuildFile; fileRef = C8DED9A620A2E79500EF72B8 /* WBDatabase.m */; };
		C8E68BC920AA6C5C0024495D /* WBProgressView.m in Sources */ = {isa = PBXBuildFile; fileRef = C8E68BC820AA6C5C0024495D /* WBProgressView.m */; };
		C8F1BF542092F84D00AEFE72 /* AppDelegate.m in Sources */ = {isa = PBXBuildFile; fileRef = C8F1BF532092F84D00AEFE72 /* AppDelegate.m */; };
		C8F1BF5C2092F84F00AEFE72 /* Assets.xcassets in Resources */ = {isa = PBXBuildFile; fileRef = C8F1BF5B2092F84F00AEFE72 /* Assets.xcassets */; };
		C8F1BF5F2092F84F00AEFE72 /* LaunchScreen.storyboard in Resources */ = {isa = PBXBuildFile; fileRef = C8F1BF5D2092F84F00AEFE72 /* LaunchScreen.storyboard */; };
		C8F1BF622092F84F00AEFE72 /* main.m in Sources */ = {isa = PBXBuildFile; fileRef = C8F1BF612092F84F00AEFE72 /* main.m */; };
		C8F1BF6A2093158500AEFE72 /* BaseController.m in Sources */ = {isa = PBXBuildFile; fileRef = C8F1BF692093158500AEFE72 /* BaseController.m */; };
		C8F1BF7D2093163C00AEFE72 /* Reachability.m in Sources */ = {isa = PBXBuildFile; fileRef = C8F1BF6E2093163C00AEFE72 /* Reachability.m */; };
		C8F1BF7E2093163C00AEFE72 /* WBUtil.m in Sources */ = {isa = PBXBuildFile; fileRef = C8F1BF722093163C00AEFE72 /* WBUtil.m */; };
		C8F1BF7F2093163C00AEFE72 /* WBUtil+WBTableViewCell.m in Sources */ = {isa = PBXBuildFile; fileRef = C8F1BF762093163C00AEFE72 /* WBUtil+WBTableViewCell.m */; };
		C8F1BF802093163C00AEFE72 /* WBTableViewCell.m in Sources */ = {isa = PBXBuildFile; fileRef = C8F1BF772093163C00AEFE72 /* WBTableViewCell.m */; };
		C8F1BF812093163C00AEFE72 /* UILabel+Copy.m in Sources */ = {isa = PBXBuildFile; fileRef = C8F1BF782093163C00AEFE72 /* UILabel+Copy.m */; };
		C8F1BF822093163C00AEFE72 /* NSMutableDictionary+ToJson.m in Sources */ = {isa = PBXBuildFile; fileRef = C8F1BF792093163C00AEFE72 /* NSMutableDictionary+ToJson.m */; };
		C8F1BF832093163C00AEFE72 /* WBSearchBar.m in Sources */ = {isa = PBXBuildFile; fileRef = C8F1BF7B2093163C00AEFE72 /* WBSearchBar.m */; };
		C8F1BF892093169C00AEFE72 /* CCProgressHUD.m in Sources */ = {isa = PBXBuildFile; fileRef = C8F1BF852093169C00AEFE72 /* CCProgressHUD.m */; };
		C8F1BF8A2093169C00AEFE72 /* UIColor+UIColorExt.m in Sources */ = {isa = PBXBuildFile; fileRef = C8F1BF882093169C00AEFE72 /* UIColor+UIColorExt.m */; };
		C8F1BF8E209316B400AEFE72 /* WBNetWorkTool.m in Sources */ = {isa = PBXBuildFile; fileRef = C8F1BF8C209316B400AEFE72 /* WBNetWorkTool.m */; };
		C8F1BF9E209316D200AEFE72 /* UIView+TTAutoLayout.m in Sources */ = {isa = PBXBuildFile; fileRef = C8F1BF90209316D100AEFE72 /* UIView+TTAutoLayout.m */; };
		C8F1BF9F209316D200AEFE72 /* UIView+TTKit.m in Sources */ = {isa = PBXBuildFile; fileRef = C8F1BF91209316D100AEFE72 /* UIView+TTKit.m */; };
		C8F1BFA0209316D200AEFE72 /* TTFaveButton.m in Sources */ = {isa = PBXBuildFile; fileRef = C8F1BF94209316D100AEFE72 /* TTFaveButton.m */; };
		C8F1BFA1209316D200AEFE72 /* TTFaveIcon.m in Sources */ = {isa = PBXBuildFile; fileRef = C8F1BF96209316D100AEFE72 /* TTFaveIcon.m */; };
		C8F1BFA2209316D200AEFE72 /* TTRing.m in Sources */ = {isa = PBXBuildFile; fileRef = C8F1BF98209316D100AEFE72 /* TTRing.m */; };
		C8F1BFA3209316D200AEFE72 /* TTSpark.m in Sources */ = {isa = PBXBuildFile; fileRef = C8F1BF99209316D100AEFE72 /* TTSpark.m */; };
		C8F1BFA4209316D200AEFE72 /* TTEasing.m in Sources */ = {isa = PBXBuildFile; fileRef = C8F1BF9B209316D100AEFE72 /* TTEasing.m */; };
		C8F1BFA72093178700AEFE72 /* test.txt in Resources */ = {isa = PBXBuildFile; fileRef = C8F1BFA62093178700AEFE72 /* test.txt */; };
		C8F1BFA92093262D00AEFE72 /* placeholder.png in Resources */ = {isa = PBXBuildFile; fileRef = C8F1BFA82093262D00AEFE72 /* placeholder.png */; };
		C8F1BFB0209326AC00AEFE72 /* HomeViewController.m in Sources */ = {isa = PBXBuildFile; fileRef = C8F1BFAF209326AC00AEFE72 /* HomeViewController.m */; };
		C8F1BFB3209326DD00AEFE72 /* HomeCell.m in Sources */ = {isa = PBXBuildFile; fileRef = C8F1BFB2209326DD00AEFE72 /* HomeCell.m */; };
		C8F1BFBE209328E600AEFE72 /* 3.jpg in Resources */ = {isa = PBXBuildFile; fileRef = C8F1BFB5209328E500AEFE72 /* 3.jpg */; };
		C8F1BFBF209328E600AEFE72 /* 4.jpg in Resources */ = {isa = PBXBuildFile; fileRef = C8F1BFB6209328E500AEFE72 /* 4.jpg */; };
		C8F1BFC0209328E600AEFE72 /* 2.jpg in Resources */ = {isa = PBXBuildFile; fileRef = C8F1BFB7209328E500AEFE72 /* 2.jpg */; };
		C8F1BFC1209328E600AEFE72 /* 6.jpg in Resources */ = {isa = PBXBuildFile; fileRef = C8F1BFB8209328E600AEFE72 /* 6.jpg */; };
		C8F1BFC2209328E600AEFE72 /* 7.jpg in Resources */ = {isa = PBXBuildFile; fileRef = C8F1BFB9209328E600AEFE72 /* 7.jpg */; };
		C8F1BFC3209328E600AEFE72 /* 1.jpg in Resources */ = {isa = PBXBuildFile; fileRef = C8F1BFBA209328E600AEFE72 /* 1.jpg */; };
		C8F1BFC4209328E600AEFE72 /* 5.jpg in Resources */ = {isa = PBXBuildFile; fileRef = C8F1BFBB209328E600AEFE72 /* 5.jpg */; };
		C8F1BFC5209328E600AEFE72 /* 8.jpg in Resources */ = {isa = PBXBuildFile; fileRef = C8F1BFBC209328E600AEFE72 /* 8.jpg */; };
		C8F1BFC6209328E600AEFE72 /* 10.jpg in Resources */ = {isa = PBXBuildFile; fileRef = C8F1BFBD209328E600AEFE72 /* 10.jpg */; };
		C8F1BFCA209328F700AEFE72 /* pikaqiu.jpg in Resources */ = {isa = PBXBuildFile; fileRef = C8F1BFC7209328F600AEFE72 /* pikaqiu.jpg */; };
		C8F1BFCB209328F700AEFE72 /* nizhuan.jpg in Resources */ = {isa = PBXBuildFile; fileRef = C8F1BFC8209328F600AEFE72 /* nizhuan.jpg */; };
		C8F1BFCC209328F700AEFE72 /* huoyan.jpg in Resources */ = {isa = PBXBuildFile; fileRef = C8F1BFC9209328F600AEFE72 /* huoyan.jpg */; };
		FF29CEE86DCCFF4C4718C351 /* Pods_MyWorld.framework in Frameworks */ = {isa = PBXBuildFile; fileRef = D4589D3766A32AC233E80BD8 /* Pods_MyWorld.framework */; };
/* End PBXBuildFile section */

/* Begin PBXFileReference section */
		60A1813EAF3759AE9005EE0F /* Pods-MyWorld.debug.xcconfig */ = {isa = PBXFileReference; includeInIndex = 1; lastKnownFileType = text.xcconfig; name = "Pods-MyWorld.debug.xcconfig"; path = "Pods/Target Support Files/Pods-MyWorld/Pods-MyWorld.debug.xcconfig"; sourceTree = "<group>"; };
		C817C34B209FED7D00A472B4 /* WebBookController.h */ = {isa = PBXFileReference; lastKnownFileType = sourcecode.c.h; path = WebBookController.h; sourceTree = "<group>"; };
		C817C34C209FED7D00A472B4 /* WebBookController.m */ = {isa = PBXFileReference; lastKnownFileType = sourcecode.c.objc; path = WebBookController.m; sourceTree = "<group>"; };
		C817C34E209FED9E00A472B4 /* WebBookViewModel.h */ = {isa = PBXFileReference; lastKnownFileType = sourcecode.c.h; path = WebBookViewModel.h; sourceTree = "<group>"; };
		C817C34F209FED9E00A472B4 /* WebBookViewModel.m */ = {isa = PBXFileReference; lastKnownFileType = sourcecode.c.objc; path = WebBookViewModel.m; sourceTree = "<group>"; };
		C855B67A2099A6E700F7A73E /* 紫川.txt */ = {isa = PBXFileReference; fileEncoding = 4; lastKnownFileType = text; path = "紫川.txt"; sourceTree = "<group>"; };
		C88DAA82209C06D500AC9252 /* TabBarController.m */ = {isa = PBXFileReference; fileEncoding = 4; lastKnownFileType = sourcecode.c.objc; path = TabBarController.m; sourceTree = "<group>"; };
		C88DAA83209C06D500AC9252 /* TabBarController.h */ = {isa = PBXFileReference; fileEncoding = 4; lastKnownFileType = sourcecode.c.h; path = TabBarController.h; sourceTree = "<group>"; };
		C88DAA8D209C102A00AC9252 /* BookIndexController.h */ = {isa = PBXFileReference; lastKnownFileType = sourcecode.c.h; path = BookIndexController.h; sourceTree = "<group>"; };
		C88DAA8E209C102A00AC9252 /* BookIndexController.m */ = {isa = PBXFileReference; lastKnownFileType = sourcecode.c.objc; path = BookIndexController.m; sourceTree = "<group>"; };
		C88DAA90209C10C300AC9252 /* BookIndexImgCell.h */ = {isa = PBXFileReference; lastKnownFileType = sourcecode.c.h; path = BookIndexImgCell.h; sourceTree = "<group>"; };
		C88DAA91209C10C300AC9252 /* BookIndexImgCell.m */ = {isa = PBXFileReference; lastKnownFileType = sourcecode.c.objc; path = BookIndexImgCell.m; sourceTree = "<group>"; };
		C88DAA93209C10DB00AC9252 /* BookIndexNoImgCell.h */ = {isa = PBXFileReference; lastKnownFileType = sourcecode.c.h; path = BookIndexNoImgCell.h; sourceTree = "<group>"; };
		C88DAA94209C10DB00AC9252 /* BookIndexNoImgCell.m */ = {isa = PBXFileReference; lastKnownFileType = sourcecode.c.objc; path = BookIndexNoImgCell.m; sourceTree = "<group>"; };
		C88DAA96209C378C00AC9252 /* BookIndexSectionView.h */ = {isa = PBXFileReference; lastKnownFileType = sourcecode.c.h; path = BookIndexSectionView.h; sourceTree = "<group>"; };
		C88DAA97209C378C00AC9252 /* BookIndexSectionView.m */ = {isa = PBXFileReference; lastKnownFileType = sourcecode.c.objc; path = BookIndexSectionView.m; sourceTree = "<group>"; };
		C88DAA99209C3DB800AC9252 /* BookIndexModel.h */ = {isa = PBXFileReference; lastKnownFileType = sourcecode.c.h; path = BookIndexModel.h; sourceTree = "<group>"; };
		C88DAA9A209C3DB800AC9252 /* BookIndexModel.m */ = {isa = PBXFileReference; lastKnownFileType = sourcecode.c.objc; path = BookIndexModel.m; sourceTree = "<group>"; };
		C88DAA9C209C3E8000AC9252 /* BookIndexViewModel.h */ = {isa = PBXFileReference; lastKnownFileType = sourcecode.c.h; path = BookIndexViewModel.h; sourceTree = "<group>"; };
		C88DAA9D209C3E8000AC9252 /* BookIndexViewModel.m */ = {isa = PBXFileReference; lastKnownFileType = sourcecode.c.objc; path = BookIndexViewModel.m; sourceTree = "<group>"; };
		C8990E382094042A0095D96A /* BookController.h */ = {isa = PBXFileReference; lastKnownFileType = sourcecode.c.h; path = BookController.h; sourceTree = "<group>"; };
		C8990E392094042A0095D96A /* BookController.m */ = {isa = PBXFileReference; lastKnownFileType = sourcecode.c.objc; path = BookController.m; sourceTree = "<group>"; };
		C8990E3C209406410095D96A /* BookViewModel.h */ = {isa = PBXFileReference; lastKnownFileType = sourcecode.c.h; path = BookViewModel.h; sourceTree = "<group>"; };
		C8990E3D209406410095D96A /* BookViewModel.m */ = {isa = PBXFileReference; lastKnownFileType = sourcecode.c.objc; path = BookViewModel.m; sourceTree = "<group>"; };
		C8990E3F2094067A0095D96A /* BookModel.h */ = {isa = PBXFileReference; lastKnownFileType = sourcecode.c.h; path = BookModel.h; sourceTree = "<group>"; };
		C8990E402094067A0095D96A /* BookModel.m */ = {isa = PBXFileReference; lastKnownFileType = sourcecode.c.objc; path = BookModel.m; sourceTree = "<group>"; };
		C8990E42209406AF0095D96A /* BookChapModel.h */ = {isa = PBXFileReference; lastKnownFileType = sourcecode.c.h; path = BookChapModel.h; sourceTree = "<group>"; };
		C8990E43209406AF0095D96A /* BookChapModel.m */ = {isa = PBXFileReference; lastKnownFileType = sourcecode.c.objc; path = BookChapModel.m; sourceTree = "<group>"; };
		C8990E45209459660095D96A /* BookPageController.h */ = {isa = PBXFileReference; lastKnownFileType = sourcecode.c.h; path = BookPageController.h; sourceTree = "<group>"; };
		C8990E46209459660095D96A /* BookPageController.m */ = {isa = PBXFileReference; lastKnownFileType = sourcecode.c.objc; path = BookPageController.m; sourceTree = "<group>"; };
		C8990E48209460F80095D96A /* BookReadView.h */ = {isa = PBXFileReference; lastKnownFileType = sourcecode.c.h; path = BookReadView.h; sourceTree = "<group>"; };
		C8990E49209460F80095D96A /* BookReadView.m */ = {isa = PBXFileReference; lastKnownFileType = sourcecode.c.objc; path = BookReadView.m; sourceTree = "<group>"; };
		C89A7F6220A195160057B31A /* BookShelfController.h */ = {isa = PBXFileReference; lastKnownFileType = sourcecode.c.h; path = BookShelfController.h; sourceTree = "<group>"; };
		C89A7F6320A195160057B31A /* BookShelfController.m */ = {isa = PBXFileReference; lastKnownFileType = sourcecode.c.objc; path = BookShelfController.m; sourceTree = "<group>"; };
		C89A7F6520A19A360057B31A /* BookChapListController.h */ = {isa = PBXFileReference; lastKnownFileType = sourcecode.c.h; path = BookChapListController.h; sourceTree = "<group>"; };
		C89A7F6620A19A360057B31A /* BookChapListController.m */ = {isa = PBXFileReference; lastKnownFileType = sourcecode.c.objc; path = BookChapListController.m; sourceTree = "<group>"; };
		C89A7F6820A19A5E0057B31A /* BookChapListCell.h */ = {isa = PBXFileReference; lastKnownFileType = sourcecode.c.h; path = BookChapListCell.h; sourceTree = "<group>"; };
		C89A7F6920A19A5E0057B31A /* BookChapListCell.m */ = {isa = PBXFileReference; lastKnownFileType = sourcecode.c.objc; path = BookChapListCell.m; sourceTree = "<group>"; };
		C8B647F2209D88570071EA21 /* BookInfoController.h */ = {isa = PBXFileReference; lastKnownFileType = sourcecode.c.h; path = BookInfoController.h; sourceTree = "<group>"; };
		C8B647F3209D88570071EA21 /* BookInfoController.m */ = {isa = PBXFileReference; lastKnownFileType = sourcecode.c.objc; path = BookInfoController.m; sourceTree = "<group>"; };
		C8B647F9209D90220071EA21 /* BookInfoCell.h */ = {isa = PBXFileReference; lastKnownFileType = sourcecode.c.h; path = BookInfoCell.h; sourceTree = "<group>"; };
		C8B647FA209D90220071EA21 /* BookInfoCell.m */ = {isa = PBXFileReference; lastKnownFileType = sourcecode.c.objc; path = BookInfoCell.m; sourceTree = "<group>"; };
		C8B647FC209D90400071EA21 /* BookInfoSectionView.h */ = {isa = PBXFileReference; lastKnownFileType = sourcecode.c.h; path = BookInfoSectionView.h; sourceTree = "<group>"; };
		C8B647FD209D90400071EA21 /* BookInfoSectionView.m */ = {isa = PBXFileReference; lastKnownFileType = sourcecode.c.objc; path = BookInfoSectionView.m; sourceTree = "<group>"; };
		C8B647FF209D96E40071EA21 /* BookInfoTableHeadView.h */ = {isa = PBXFileReference; lastKnownFileType = sourcecode.c.h; path = BookInfoTableHeadView.h; sourceTree = "<group>"; };
		C8B64800209D96E40071EA21 /* BookInfoTableHeadView.m */ = {isa = PBXFileReference; lastKnownFileType = sourcecode.c.objc; path = BookInfoTableHeadView.m; sourceTree = "<group>"; };
		C8B64802209DA2200071EA21 /* BookInfoModel.h */ = {isa = PBXFileReference; lastKnownFileType = sourcecode.c.h; path = BookInfoModel.h; sourceTree = "<group>"; };
		C8B64803209DA2200071EA21 /* BookInfoModel.m */ = {isa = PBXFileReference; lastKnownFileType = sourcecode.c.objc; path = BookInfoModel.m; sourceTree = "<group>"; };
		C8B64805209DA2300071EA21 /* BookInfoChapModel.h */ = {isa = PBXFileReference; lastKnownFileType = sourcecode.c.h; path = BookInfoChapModel.h; sourceTree = "<group>"; };
		C8B64806209DA2300071EA21 /* BookInfoChapModel.m */ = {isa = PBXFileReference; lastKnownFileType = sourcecode.c.objc; path = BookInfoChapModel.m; sourceTree = "<group>"; };
		C8B64808209DA4A20071EA21 /* BookInfoViewModel.h */ = {isa = PBXFileReference; lastKnownFileType = sourcecode.c.h; path = BookInfoViewModel.h; sourceTree = "<group>"; };
		C8B64809209DA4A20071EA21 /* BookInfoViewModel.m */ = {isa = PBXFileReference; lastKnownFileType = sourcecode.c.objc; path = BookInfoViewModel.m; sourceTree = "<group>"; };
		C8DED9A520A2E79500EF72B8 /* WBDatabase.h */ = {isa = PBXFileReference; lastKnownFileType = sourcecode.c.h; path = WBDatabase.h; sourceTree = "<group>"; };
		C8DED9A620A2E79500EF72B8 /* WBDatabase.m */ = {isa = PBXFileReference; lastKnownFileType = sourcecode.c.objc; path = WBDatabase.m; sourceTree = "<group>"; };
		C8E68BC720AA6C5C0024495D /* WBProgressView.h */ = {isa = PBXFileReference; lastKnownFileType = sourcecode.c.h; path = WBProgressView.h; sourceTree = "<group>"; };
		C8E68BC820AA6C5C0024495D /* WBProgressView.m */ = {isa = PBXFileReference; lastKnownFileType = sourcecode.c.objc; path = WBProgressView.m; sourceTree = "<group>"; };
		C8F1BF4F2092F84D00AEFE72 /* MyWorld.app */ = {isa = PBXFileReference; explicitFileType = wrapper.application; includeInIndex = 0; path = MyWorld.app; sourceTree = BUILT_PRODUCTS_DIR; };
		C8F1BF522092F84D00AEFE72 /* AppDelegate.h */ = {isa = PBXFileReference; lastKnownFileType = sourcecode.c.h; path = AppDelegate.h; sourceTree = "<group>"; };
		C8F1BF532092F84D00AEFE72 /* AppDelegate.m */ = {isa = PBXFileReference; lastKnownFileType = sourcecode.c.objc; path = AppDelegate.m; sourceTree = "<group>"; };
		C8F1BF5B2092F84F00AEFE72 /* Assets.xcassets */ = {isa = PBXFileReference; lastKnownFileType = folder.assetcatalog; path = Assets.xcassets; sourceTree = "<group>"; };
		C8F1BF5E2092F84F00AEFE72 /* Base */ = {isa = PBXFileReference; lastKnownFileType = file.storyboard; name = Base; path = Base.lproj/LaunchScreen.storyboard; sourceTree = "<group>"; };
		C8F1BF602092F84F00AEFE72 /* Info.plist */ = {isa = PBXFileReference; lastKnownFileType = text.plist.xml; path = Info.plist; sourceTree = "<group>"; };
		C8F1BF612092F84F00AEFE72 /* main.m */ = {isa = PBXFileReference; lastKnownFileType = sourcecode.c.objc; path = main.m; sourceTree = "<group>"; };
		C8F1BF682093158500AEFE72 /* BaseController.h */ = {isa = PBXFileReference; fileEncoding = 4; lastKnownFileType = sourcecode.c.h; path = BaseController.h; sourceTree = "<group>"; };
		C8F1BF692093158500AEFE72 /* BaseController.m */ = {isa = PBXFileReference; fileEncoding = 4; lastKnownFileType = sourcecode.c.objc; path = BaseController.m; sourceTree = "<group>"; };
		C8F1BF6B209315BC00AEFE72 /* PrefixHeader.pch */ = {isa = PBXFileReference; fileEncoding = 4; lastKnownFileType = sourcecode.c.h; path = PrefixHeader.pch; sourceTree = "<group>"; };
		C8F1BF6E2093163C00AEFE72 /* Reachability.m */ = {isa = PBXFileReference; fileEncoding = 4; lastKnownFileType = sourcecode.c.objc; path = Reachability.m; sourceTree = "<group>"; };
		C8F1BF6F2093163C00AEFE72 /* Reachability.h */ = {isa = PBXFileReference; fileEncoding = 4; lastKnownFileType = sourcecode.c.h; path = Reachability.h; sourceTree = "<group>"; };
		C8F1BF712093163C00AEFE72 /* NSMutableDictionary+ToJson.h */ = {isa = PBXFileReference; fileEncoding = 4; lastKnownFileType = sourcecode.c.h; path = "NSMutableDictionary+ToJson.h"; sourceTree = "<group>"; };
		C8F1BF722093163C00AEFE72 /* WBUtil.m */ = {isa = PBXFileReference; fileEncoding = 4; lastKnownFileType = sourcecode.c.objc; path = WBUtil.m; sourceTree = "<group>"; };
		C8F1BF732093163C00AEFE72 /* UILabel+Copy.h */ = {isa = PBXFileReference; fileEncoding = 4; lastKnownFileType = sourcecode.c.h; path = "UILabel+Copy.h"; sourceTree = "<group>"; };
		C8F1BF742093163C00AEFE72 /* WBTableViewCell.h */ = {isa = PBXFileReference; fileEncoding = 4; lastKnownFileType = sourcecode.c.h; path = WBTableViewCell.h; sourceTree = "<group>"; };
		C8F1BF752093163C00AEFE72 /* WBSearchBar.h */ = {isa = PBXFileReference; fileEncoding = 4; lastKnownFileType = sourcecode.c.h; path = WBSearchBar.h; sourceTree = "<group>"; };
		C8F1BF762093163C00AEFE72 /* WBUtil+WBTableViewCell.m */ = {isa = PBXFileReference; fileEncoding = 4; lastKnownFileType = sourcecode.c.objc; path = "WBUtil+WBTableViewCell.m"; sourceTree = "<group>"; };
		C8F1BF772093163C00AEFE72 /* WBTableViewCell.m */ = {isa = PBXFileReference; fileEncoding = 4; lastKnownFileType = sourcecode.c.objc; path = WBTableViewCell.m; sourceTree = "<group>"; };
		C8F1BF782093163C00AEFE72 /* UILabel+Copy.m */ = {isa = PBXFileReference; fileEncoding = 4; lastKnownFileType = sourcecode.c.objc; path = "UILabel+Copy.m"; sourceTree = "<group>"; };
		C8F1BF792093163C00AEFE72 /* NSMutableDictionary+ToJson.m */ = {isa = PBXFileReference; fileEncoding = 4; lastKnownFileType = sourcecode.c.objc; path = "NSMutableDictionary+ToJson.m"; sourceTree = "<group>"; };
		C8F1BF7A2093163C00AEFE72 /* WBUtil.h */ = {isa = PBXFileReference; fileEncoding = 4; lastKnownFileType = sourcecode.c.h; path = WBUtil.h; sourceTree = "<group>"; };
		C8F1BF7B2093163C00AEFE72 /* WBSearchBar.m */ = {isa = PBXFileReference; fileEncoding = 4; lastKnownFileType = sourcecode.c.objc; path = WBSearchBar.m; sourceTree = "<group>"; };
		C8F1BF7C2093163C00AEFE72 /* WBUtil+WBTableViewCell.h */ = {isa = PBXFileReference; fileEncoding = 4; lastKnownFileType = sourcecode.c.h; path = "WBUtil+WBTableViewCell.h"; sourceTree = "<group>"; };
		C8F1BF852093169C00AEFE72 /* CCProgressHUD.m */ = {isa = PBXFileReference; fileEncoding = 4; lastKnownFileType = sourcecode.c.objc; path = CCProgressHUD.m; sourceTree = "<group>"; };
		C8F1BF862093169C00AEFE72 /* UIColor+UIColorExt.h */ = {isa = PBXFileReference; fileEncoding = 4; lastKnownFileType = sourcecode.c.h; path = "UIColor+UIColorExt.h"; sourceTree = "<group>"; };
		C8F1BF872093169C00AEFE72 /* CCProgressHUD.h */ = {isa = PBXFileReference; fileEncoding = 4; lastKnownFileType = sourcecode.c.h; path = CCProgressHUD.h; sourceTree = "<group>"; };
		C8F1BF882093169C00AEFE72 /* UIColor+UIColorExt.m */ = {isa = PBXFileReference; fileEncoding = 4; lastKnownFileType = sourcecode.c.objc; path = "UIColor+UIColorExt.m"; sourceTree = "<group>"; };
		C8F1BF8C209316B400AEFE72 /* WBNetWorkTool.m */ = {isa = PBXFileReference; fileEncoding = 4; lastKnownFileType = sourcecode.c.objc; path = WBNetWorkTool.m; sourceTree = "<group>"; };
		C8F1BF8D209316B400AEFE72 /* WBNetWorkTool.h */ = {isa = PBXFileReference; fileEncoding = 4; lastKnownFileType = sourcecode.c.h; path = WBNetWorkTool.h; sourceTree = "<group>"; };
		C8F1BF90209316D100AEFE72 /* UIView+TTAutoLayout.m */ = {isa = PBXFileReference; fileEncoding = 4; lastKnownFileType = sourcecode.c.objc; path = "UIView+TTAutoLayout.m"; sourceTree = "<group>"; };
		C8F1BF91209316D100AEFE72 /* UIView+TTKit.m */ = {isa = PBXFileReference; fileEncoding = 4; lastKnownFileType = sourcecode.c.objc; path = "UIView+TTKit.m"; sourceTree = "<group>"; };
		C8F1BF92209316D100AEFE72 /* TTSpark.h */ = {isa = PBXFileReference; fileEncoding = 4; lastKnownFileType = sourcecode.c.h; path = TTSpark.h; sourceTree = "<group>"; };
		C8F1BF93209316D100AEFE72 /* TTRing.h */ = {isa = PBXFileReference; fileEncoding = 4; lastKnownFileType = sourcecode.c.h; path = TTRing.h; sourceTree = "<group>"; };
		C8F1BF94209316D100AEFE72 /* TTFaveButton.m */ = {isa = PBXFileReference; fileEncoding = 4; lastKnownFileType = sourcecode.c.objc; path = TTFaveButton.m; sourceTree = "<group>"; };
		C8F1BF95209316D100AEFE72 /* TTEasing.h */ = {isa = PBXFileReference; fileEncoding = 4; lastKnownFileType = sourcecode.c.h; path = TTEasing.h; sourceTree = "<group>"; };
		C8F1BF96209316D100AEFE72 /* TTFaveIcon.m */ = {isa = PBXFileReference; fileEncoding = 4; lastKnownFileType = sourcecode.c.objc; path = TTFaveIcon.m; sourceTree = "<group>"; };
		C8F1BF97209316D100AEFE72 /* UIView+TTAutoLayout.h */ = {isa = PBXFileReference; fileEncoding = 4; lastKnownFileType = sourcecode.c.h; path = "UIView+TTAutoLayout.h"; sourceTree = "<group>"; };
		C8F1BF98209316D100AEFE72 /* TTRing.m */ = {isa = PBXFileReference; fileEncoding = 4; lastKnownFileType = sourcecode.c.objc; path = TTRing.m; sourceTree = "<group>"; };
		C8F1BF99209316D100AEFE72 /* TTSpark.m */ = {isa = PBXFileReference; fileEncoding = 4; lastKnownFileType = sourcecode.c.objc; path = TTSpark.m; sourceTree = "<group>"; };
		C8F1BF9A209316D100AEFE72 /* UIView+TTKit.h */ = {isa = PBXFileReference; fileEncoding = 4; lastKnownFileType = sourcecode.c.h; path = "UIView+TTKit.h"; sourceTree = "<group>"; };
		C8F1BF9B209316D100AEFE72 /* TTEasing.m */ = {isa = PBXFileReference; fileEncoding = 4; lastKnownFileType = sourcecode.c.objc; path = TTEasing.m; sourceTree = "<group>"; };
		C8F1BF9C209316D100AEFE72 /* TTFaveButton.h */ = {isa = PBXFileReference; fileEncoding = 4; lastKnownFileType = sourcecode.c.h; path = TTFaveButton.h; sourceTree = "<group>"; };
		C8F1BF9D209316D100AEFE72 /* TTFaveIcon.h */ = {isa = PBXFileReference; fileEncoding = 4; lastKnownFileType = sourcecode.c.h; path = TTFaveIcon.h; sourceTree = "<group>"; };
		C8F1BFA62093178700AEFE72 /* test.txt */ = {isa = PBXFileReference; fileEncoding = 4; lastKnownFileType = text; path = test.txt; sourceTree = "<group>"; };
		C8F1BFA82093262D00AEFE72 /* placeholder.png */ = {isa = PBXFileReference; lastKnownFileType = image.png; path = placeholder.png; sourceTree = "<group>"; };
		C8F1BFAE209326AC00AEFE72 /* HomeViewController.h */ = {isa = PBXFileReference; lastKnownFileType = sourcecode.c.h; path = HomeViewController.h; sourceTree = "<group>"; };
		C8F1BFAF209326AC00AEFE72 /* HomeViewController.m */ = {isa = PBXFileReference; lastKnownFileType = sourcecode.c.objc; path = HomeViewController.m; sourceTree = "<group>"; };
		C8F1BFB1209326DD00AEFE72 /* HomeCell.h */ = {isa = PBXFileReference; lastKnownFileType = sourcecode.c.h; path = HomeCell.h; sourceTree = "<group>"; };
		C8F1BFB2209326DD00AEFE72 /* HomeCell.m */ = {isa = PBXFileReference; lastKnownFileType = sourcecode.c.objc; path = HomeCell.m; sourceTree = "<group>"; };
		C8F1BFB5209328E500AEFE72 /* 3.jpg */ = {isa = PBXFileReference; lastKnownFileType = image.jpeg; path = 3.jpg; sourceTree = "<group>"; };
		C8F1BFB6209328E500AEFE72 /* 4.jpg */ = {isa = PBXFileReference; lastKnownFileType = image.jpeg; path = 4.jpg; sourceTree = "<group>"; };
		C8F1BFB7209328E500AEFE72 /* 2.jpg */ = {isa = PBXFileReference; lastKnownFileType = image.jpeg; path = 2.jpg; sourceTree = "<group>"; };
		C8F1BFB8209328E600AEFE72 /* 6.jpg */ = {isa = PBXFileReference; lastKnownFileType = image.jpeg; path = 6.jpg; sourceTree = "<group>"; };
		C8F1BFB9209328E600AEFE72 /* 7.jpg */ = {isa = PBXFileReference; lastKnownFileType = image.jpeg; path = 7.jpg; sourceTree = "<group>"; };
		C8F1BFBA209328E600AEFE72 /* 1.jpg */ = {isa = PBXFileReference; lastKnownFileType = image.jpeg; path = 1.jpg; sourceTree = "<group>"; };
		C8F1BFBB209328E600AEFE72 /* 5.jpg */ = {isa = PBXFileReference; lastKnownFileType = image.jpeg; path = 5.jpg; sourceTree = "<group>"; };
		C8F1BFBC209328E600AEFE72 /* 8.jpg */ = {isa = PBXFileReference; lastKnownFileType = image.jpeg; path = 8.jpg; sourceTree = "<group>"; };
		C8F1BFBD209328E600AEFE72 /* 10.jpg */ = {isa = PBXFileReference; lastKnownFileType = image.jpeg; path = 10.jpg; sourceTree = "<group>"; };
		C8F1BFC7209328F600AEFE72 /* pikaqiu.jpg */ = {isa = PBXFileReference; lastKnownFileType = image.jpeg; path = pikaqiu.jpg; sourceTree = "<group>"; };
		C8F1BFC8209328F600AEFE72 /* nizhuan.jpg */ = {isa = PBXFileReference; lastKnownFileType = image.jpeg; path = nizhuan.jpg; sourceTree = "<group>"; };
		C8F1BFC9209328F600AEFE72 /* huoyan.jpg */ = {isa = PBXFileReference; lastKnownFileType = image.jpeg; path = huoyan.jpg; sourceTree = "<group>"; };
		D4589D3766A32AC233E80BD8 /* Pods_MyWorld.framework */ = {isa = PBXFileReference; explicitFileType = wrapper.framework; includeInIndex = 0; path = Pods_MyWorld.framework; sourceTree = BUILT_PRODUCTS_DIR; };
		ED747B27282CB73768B1A626 /* Pods-MyWorld.release.xcconfig */ = {isa = PBXFileReference; includeInIndex = 1; lastKnownFileType = text.xcconfig; name = "Pods-MyWorld.release.xcconfig"; path = "Pods/Target Support Files/Pods-MyWorld/Pods-MyWorld.release.xcconfig"; sourceTree = "<group>"; };
/* End PBXFileReference section */

/* Begin PBXFrameworksBuildPhase section */
		C8F1BF4C2092F84D00AEFE72 /* Frameworks */ = {
			isa = PBXFrameworksBuildPhase;
			buildActionMask = 2147483647;
			files = (
				FF29CEE86DCCFF4C4718C351 /* Pods_MyWorld.framework in Frameworks */,
			);
			runOnlyForDeploymentPostprocessing = 0;
		};
/* End PBXFrameworksBuildPhase section */

/* Begin PBXGroup section */
		5460643EDC2F41363F742DA0 /* Pods */ = {
			isa = PBXGroup;
			children = (
				60A1813EAF3759AE9005EE0F /* Pods-MyWorld.debug.xcconfig */,
				ED747B27282CB73768B1A626 /* Pods-MyWorld.release.xcconfig */,
			);
			name = Pods;
			sourceTree = "<group>";
		};
		C88DAA85209C0BE500AC9252 /* Books */ = {
			isa = PBXGroup;
			children = (
				C88DAA86209C0BE500AC9252 /* ViewModel */,
				C88DAA87209C0BE500AC9252 /* Controller */,
				C88DAA88209C0BE500AC9252 /* Model */,
				C88DAA89209C0BE500AC9252 /* View */,
			);
			path = Books;
			sourceTree = "<group>";
		};
		C88DAA86209C0BE500AC9252 /* ViewModel */ = {
			isa = PBXGroup;
			children = (
				C88DAA9C209C3E8000AC9252 /* BookIndexViewModel.h */,
				C88DAA9D209C3E8000AC9252 /* BookIndexViewModel.m */,
				C8B64808209DA4A20071EA21 /* BookInfoViewModel.h */,
				C8B64809209DA4A20071EA21 /* BookInfoViewModel.m */,
				C817C34E209FED9E00A472B4 /* WebBookViewModel.h */,
				C817C34F209FED9E00A472B4 /* WebBookViewModel.m */,
			);
			path = ViewModel;
			sourceTree = "<group>";
		};
		C88DAA87209C0BE500AC9252 /* Controller */ = {
			isa = PBXGroup;
			children = (
				C88DAA8D209C102A00AC9252 /* BookIndexController.h */,
				C88DAA8E209C102A00AC9252 /* BookIndexController.m */,
				C8B647F2209D88570071EA21 /* BookInfoController.h */,
				C8B647F3209D88570071EA21 /* BookInfoController.m */,
				C817C34B209FED7D00A472B4 /* WebBookController.h */,
				C817C34C209FED7D00A472B4 /* WebBookController.m */,
			);
			path = Controller;
			sourceTree = "<group>";
		};
		C88DAA88209C0BE500AC9252 /* Model */ = {
			isa = PBXGroup;
			children = (
				C8B647F8209D8FFD0071EA21 /* BookIndex */,
				C8B647F7209D8FFD0071EA21 /* BookInfo */,
			);
			path = Model;
			sourceTree = "<group>";
		};
		C88DAA89209C0BE500AC9252 /* View */ = {
			isa = PBXGroup;
			children = (
				C8B647F6209D8FCE0071EA21 /* BookInfo */,
				C8B647F5209D8FC70071EA21 /* BookIndex */,
			);
			path = View;
			sourceTree = "<group>";
		};
		C8990E37209404130095D96A /* BookController */ = {
			isa = PBXGroup;
			children = (
				C8990E382094042A0095D96A /* BookController.h */,
				C8990E392094042A0095D96A /* BookController.m */,
				C8990E45209459660095D96A /* BookPageController.h */,
				C8990E46209459660095D96A /* BookPageController.m */,
			);
			path = BookController;
			sourceTree = "<group>";
		};
		C8990E3B2094054E0095D96A /* ViewModel */ = {
			isa = PBXGroup;
			children = (
				C8990E3C209406410095D96A /* BookViewModel.h */,
				C8990E3D209406410095D96A /* BookViewModel.m */,
			);
			path = ViewModel;
			sourceTree = "<group>";
		};
		C89A7F5D20A194FF0057B31A /* BookShelf */ = {
			isa = PBXGroup;
			children = (
				C89A7F5E20A194FF0057B31A /* ViewModel */,
				C89A7F5F20A194FF0057B31A /* Controller */,
				C89A7F6020A194FF0057B31A /* Model */,
				C89A7F6120A194FF0057B31A /* View */,
			);
			path = BookShelf;
			sourceTree = "<group>";
		};
		C89A7F5E20A194FF0057B31A /* ViewModel */ = {
			isa = PBXGroup;
			children = (
			);
			path = ViewModel;
			sourceTree = "<group>";
		};
		C89A7F5F20A194FF0057B31A /* Controller */ = {
			isa = PBXGroup;
			children = (
				C89A7F6220A195160057B31A /* BookShelfController.h */,
				C89A7F6320A195160057B31A /* BookShelfController.m */,
				C89A7F6520A19A360057B31A /* BookChapListController.h */,
				C89A7F6620A19A360057B31A /* BookChapListController.m */,
			);
			path = Controller;
			sourceTree = "<group>";
		};
		C89A7F6020A194FF0057B31A /* Model */ = {
			isa = PBXGroup;
			children = (
			);
			path = Model;
			sourceTree = "<group>";
		};
		C89A7F6120A194FF0057B31A /* View */ = {
			isa = PBXGroup;
			children = (
				C89A7F6820A19A5E0057B31A /* BookChapListCell.h */,
				C89A7F6920A19A5E0057B31A /* BookChapListCell.m */,
				C8E68BC720AA6C5C0024495D /* WBProgressView.h */,
				C8E68BC820AA6C5C0024495D /* WBProgressView.m */,
			);
			path = View;
			sourceTree = "<group>";
		};
		C8B647F5209D8FC70071EA21 /* BookIndex */ = {
			isa = PBXGroup;
			children = (
				C88DAA90209C10C300AC9252 /* BookIndexImgCell.h */,
				C88DAA91209C10C300AC9252 /* BookIndexImgCell.m */,
				C88DAA93209C10DB00AC9252 /* BookIndexNoImgCell.h */,
				C88DAA94209C10DB00AC9252 /* BookIndexNoImgCell.m */,
				C88DAA96209C378C00AC9252 /* BookIndexSectionView.h */,
				C88DAA97209C378C00AC9252 /* BookIndexSectionView.m */,
			);
			path = BookIndex;
			sourceTree = "<group>";
		};
		C8B647F6209D8FCE0071EA21 /* BookInfo */ = {
			isa = PBXGroup;
			children = (
				C8B647F9209D90220071EA21 /* BookInfoCell.h */,
				C8B647FA209D90220071EA21 /* BookInfoCell.m */,
				C8B647FC209D90400071EA21 /* BookInfoSectionView.h */,
				C8B647FD209D90400071EA21 /* BookInfoSectionView.m */,
				C8B647FF209D96E40071EA21 /* BookInfoTableHeadView.h */,
				C8B64800209D96E40071EA21 /* BookInfoTableHeadView.m */,
			);
			path = BookInfo;
			sourceTree = "<group>";
		};
		C8B647F7209D8FFD0071EA21 /* BookInfo */ = {
			isa = PBXGroup;
			children = (
				C8B64802209DA2200071EA21 /* BookInfoModel.h */,
				C8B64803209DA2200071EA21 /* BookInfoModel.m */,
				C8B64805209DA2300071EA21 /* BookInfoChapModel.h */,
				C8B64806209DA2300071EA21 /* BookInfoChapModel.m */,
			);
			path = BookInfo;
			sourceTree = "<group>";
		};
		C8B647F8209D8FFD0071EA21 /* BookIndex */ = {
			isa = PBXGroup;
			children = (
				C88DAA99209C3DB800AC9252 /* BookIndexModel.h */,
				C88DAA9A209C3DB800AC9252 /* BookIndexModel.m */,
			);
			path = BookIndex;
			sourceTree = "<group>";
		};
		C8DED9A420A2E74A00EF72B8 /* DataBase */ = {
			isa = PBXGroup;
			children = (
				C8DED9A520A2E79500EF72B8 /* WBDatabase.h */,
				C8DED9A620A2E79500EF72B8 /* WBDatabase.m */,
			);
			path = DataBase;
			sourceTree = "<group>";
		};
		C8F1BF462092F84C00AEFE72 = {
			isa = PBXGroup;
			children = (
				C8F1BF512092F84D00AEFE72 /* MyWorld */,
				C8F1BF502092F84D00AEFE72 /* Products */,
				5460643EDC2F41363F742DA0 /* Pods */,
				DF473CF90008CEB3E63226D8 /* Frameworks */,
			);
			sourceTree = "<group>";
		};
		C8F1BF502092F84D00AEFE72 /* Products */ = {
			isa = PBXGroup;
			children = (
				C8F1BF4F2092F84D00AEFE72 /* MyWorld.app */,
			);
			name = Products;
			sourceTree = "<group>";
		};
		C8F1BF512092F84D00AEFE72 /* MyWorld */ = {
			isa = PBXGroup;
			children = (
				C8DED9A420A2E74A00EF72B8 /* DataBase */,
				C89A7F5D20A194FF0057B31A /* BookShelf */,
				C88DAA85209C0BE500AC9252 /* Books */,
				C8F1BFAA2093268400AEFE72 /* Home */,
				C8F1BFA52093177B00AEFE72 /* Resources */,
				C8F1BF6C2093162900AEFE72 /* Venders */,
				C8F1BF6B209315BC00AEFE72 /* PrefixHeader.pch */,
				C8F1BF522092F84D00AEFE72 /* AppDelegate.h */,
				C8F1BF532092F84D00AEFE72 /* AppDelegate.m */,
				C88DAA83209C06D500AC9252 /* TabBarController.h */,
				C88DAA82209C06D500AC9252 /* TabBarController.m */,
				C8F1BF682093158500AEFE72 /* BaseController.h */,
				C8F1BF692093158500AEFE72 /* BaseController.m */,
				C8F1BF5B2092F84F00AEFE72 /* Assets.xcassets */,
				C8F1BF5D2092F84F00AEFE72 /* LaunchScreen.storyboard */,
				C8F1BF602092F84F00AEFE72 /* Info.plist */,
				C8F1BF612092F84F00AEFE72 /* main.m */,
			);
			path = MyWorld;
			sourceTree = "<group>";
		};
		C8F1BF6C2093162900AEFE72 /* Venders */ = {
			isa = PBXGroup;
			children = (
				C8F1BF8F209316D100AEFE72 /* FaveButton */,
				C8F1BF8B209316B400AEFE72 /* NetWorkTool */,
				C8F1BF842093169C00AEFE72 /* CCHUD */,
				C8F1BF6D2093163C00AEFE72 /* Reachability */,
				C8F1BF702093163C00AEFE72 /* WBUtil */,
			);
			path = Venders;
			sourceTree = "<group>";
		};
		C8F1BF6D2093163C00AEFE72 /* Reachability */ = {
			isa = PBXGroup;
			children = (
				C8F1BF6E2093163C00AEFE72 /* Reachability.m */,
				C8F1BF6F2093163C00AEFE72 /* Reachability.h */,
			);
			path = Reachability;
			sourceTree = "<group>";
		};
		C8F1BF702093163C00AEFE72 /* WBUtil */ = {
			isa = PBXGroup;
			children = (
				C8F1BF7A2093163C00AEFE72 /* WBUtil.h */,
				C8F1BF722093163C00AEFE72 /* WBUtil.m */,
				C8F1BF732093163C00AEFE72 /* UILabel+Copy.h */,
				C8F1BF742093163C00AEFE72 /* WBTableViewCell.h */,
				C8F1BF752093163C00AEFE72 /* WBSearchBar.h */,
				C8F1BF762093163C00AEFE72 /* WBUtil+WBTableViewCell.m */,
				C8F1BF772093163C00AEFE72 /* WBTableViewCell.m */,
				C8F1BF782093163C00AEFE72 /* UILabel+Copy.m */,
				C8F1BF712093163C00AEFE72 /* NSMutableDictionary+ToJson.h */,
				C8F1BF792093163C00AEFE72 /* NSMutableDictionary+ToJson.m */,
				C8F1BF7B2093163C00AEFE72 /* WBSearchBar.m */,
				C8F1BF7C2093163C00AEFE72 /* WBUtil+WBTableViewCell.h */,
			);
			path = WBUtil;
			sourceTree = "<group>";
		};
		C8F1BF842093169C00AEFE72 /* CCHUD */ = {
			isa = PBXGroup;
			children = (
				C8F1BF852093169C00AEFE72 /* CCProgressHUD.m */,
				C8F1BF862093169C00AEFE72 /* UIColor+UIColorExt.h */,
				C8F1BF872093169C00AEFE72 /* CCProgressHUD.h */,
				C8F1BF882093169C00AEFE72 /* UIColor+UIColorExt.m */,
			);
			path = CCHUD;
			sourceTree = "<group>";
		};
		C8F1BF8B209316B400AEFE72 /* NetWorkTool */ = {
			isa = PBXGroup;
			children = (
				C8F1BF8C209316B400AEFE72 /* WBNetWorkTool.m */,
				C8F1BF8D209316B400AEFE72 /* WBNetWorkTool.h */,
			);
			path = NetWorkTool;
			sourceTree = "<group>";
		};
		C8F1BF8F209316D100AEFE72 /* FaveButton */ = {
			isa = PBXGroup;
			children = (
				C8F1BF90209316D100AEFE72 /* UIView+TTAutoLayout.m */,
				C8F1BF91209316D100AEFE72 /* UIView+TTKit.m */,
				C8F1BF92209316D100AEFE72 /* TTSpark.h */,
				C8F1BF93209316D100AEFE72 /* TTRing.h */,
				C8F1BF94209316D100AEFE72 /* TTFaveButton.m */,
				C8F1BF95209316D100AEFE72 /* TTEasing.h */,
				C8F1BF96209316D100AEFE72 /* TTFaveIcon.m */,
				C8F1BF97209316D100AEFE72 /* UIView+TTAutoLayout.h */,
				C8F1BF98209316D100AEFE72 /* TTRing.m */,
				C8F1BF99209316D100AEFE72 /* TTSpark.m */,
				C8F1BF9A209316D100AEFE72 /* UIView+TTKit.h */,
				C8F1BF9B209316D100AEFE72 /* TTEasing.m */,
				C8F1BF9C209316D100AEFE72 /* TTFaveButton.h */,
				C8F1BF9D209316D100AEFE72 /* TTFaveIcon.h */,
			);
			path = FaveButton;
			sourceTree = "<group>";
		};
		C8F1BFA52093177B00AEFE72 /* Resources */ = {
			isa = PBXGroup;
			children = (
				C855B67A2099A6E700F7A73E /* 紫川.txt */,
				C8F1BFB4209328B200AEFE72 /* picture */,
				C8F1BFA82093262D00AEFE72 /* placeholder.png */,
				C8F1BFA62093178700AEFE72 /* test.txt */,
			);
			path = Resources;
			sourceTree = "<group>";
		};
		C8F1BFAA2093268400AEFE72 /* Home */ = {
			isa = PBXGroup;
			children = (
				C8990E3B2094054E0095D96A /* ViewModel */,
				C8F1BFAD209326A000AEFE72 /* Controller */,
				C8F1BFAC209326A000AEFE72 /* Model */,
				C8F1BFAB209326A000AEFE72 /* View */,
			);
			path = Home;
			sourceTree = "<group>";
		};
		C8F1BFAB209326A000AEFE72 /* View */ = {
			isa = PBXGroup;
			children = (
				C8F1BFB1209326DD00AEFE72 /* HomeCell.h */,
				C8F1BFB2209326DD00AEFE72 /* HomeCell.m */,
				C8990E48209460F80095D96A /* BookReadView.h */,
				C8990E49209460F80095D96A /* BookReadView.m */,
			);
			path = View;
			sourceTree = "<group>";
		};
		C8F1BFAC209326A000AEFE72 /* Model */ = {
			isa = PBXGroup;
			children = (
				C8990E3F2094067A0095D96A /* BookModel.h */,
				C8990E402094067A0095D96A /* BookModel.m */,
				C8990E42209406AF0095D96A /* BookChapModel.h */,
				C8990E43209406AF0095D96A /* BookChapModel.m */,
			);
			path = Model;
			sourceTree = "<group>";
		};
		C8F1BFAD209326A000AEFE72 /* Controller */ = {
			isa = PBXGroup;
			children = (
				C8F1BFAE209326AC00AEFE72 /* HomeViewController.h */,
				C8F1BFAF209326AC00AEFE72 /* HomeViewController.m */,
				C8990E37209404130095D96A /* BookController */,
			);
			path = Controller;
			sourceTree = "<group>";
		};
		C8F1BFB4209328B200AEFE72 /* picture */ = {
			isa = PBXGroup;
			children = (
				C8F1BFC9209328F600AEFE72 /* huoyan.jpg */,
				C8F1BFC8209328F600AEFE72 /* nizhuan.jpg */,
				C8F1BFC7209328F600AEFE72 /* pikaqiu.jpg */,
				C8F1BFBA209328E600AEFE72 /* 1.jpg */,
				C8F1BFB7209328E500AEFE72 /* 2.jpg */,
				C8F1BFB5209328E500AEFE72 /* 3.jpg */,
				C8F1BFB6209328E500AEFE72 /* 4.jpg */,
				C8F1BFBB209328E600AEFE72 /* 5.jpg */,
				C8F1BFB8209328E600AEFE72 /* 6.jpg */,
				C8F1BFB9209328E600AEFE72 /* 7.jpg */,
				C8F1BFBC209328E600AEFE72 /* 8.jpg */,
				C8F1BFBD209328E600AEFE72 /* 10.jpg */,
			);
			path = picture;
			sourceTree = "<group>";
		};
		DF473CF90008CEB3E63226D8 /* Frameworks */ = {
			isa = PBXGroup;
			children = (
				D4589D3766A32AC233E80BD8 /* Pods_MyWorld.framework */,
			);
			name = Frameworks;
			sourceTree = "<group>";
		};
/* End PBXGroup section */

/* Begin PBXNativeTarget section */
		C8F1BF4E2092F84D00AEFE72 /* MyWorld */ = {
			isa = PBXNativeTarget;
			buildConfigurationList = C8F1BF652092F84F00AEFE72 /* Build configuration list for PBXNativeTarget "MyWorld" */;
			buildPhases = (
				8A815FCE4F0448EAAC77F160 /* [CP] Check Pods Manifest.lock */,
				C8F1BF4B2092F84D00AEFE72 /* Sources */,
				C8F1BF4C2092F84D00AEFE72 /* Frameworks */,
				C8F1BF4D2092F84D00AEFE72 /* Resources */,
				71C320FA37623F7525FA8F67 /* [CP] Embed Pods Frameworks */,
			);
			buildRules = (
			);
			dependencies = (
			);
			name = MyWorld;
			productName = MyWorld;
			productReference = C8F1BF4F2092F84D00AEFE72 /* MyWorld.app */;
			productType = "com.apple.product-type.application";
		};
/* End PBXNativeTarget section */

/* Begin PBXProject section */
		C8F1BF472092F84C00AEFE72 /* Project object */ = {
			isa = PBXProject;
			attributes = {
				LastUpgradeCheck = 0930;
				ORGANIZATIONNAME = wayneking;
				TargetAttributes = {
					C8F1BF4E2092F84D00AEFE72 = {
						CreatedOnToolsVersion = 9.3;
					};
				};
			};
			buildConfigurationList = C8F1BF4A2092F84C00AEFE72 /* Build configuration list for PBXProject "MyWorld" */;
			compatibilityVersion = "Xcode 9.3";
			developmentRegion = en;
			hasScannedForEncodings = 0;
			knownRegions = (
				en,
				Base,
			);
			mainGroup = C8F1BF462092F84C00AEFE72;
			productRefGroup = C8F1BF502092F84D00AEFE72 /* Products */;
			projectDirPath = "";
			projectRoot = "";
			targets = (
				C8F1BF4E2092F84D00AEFE72 /* MyWorld */,
			);
		};
/* End PBXProject section */

/* Begin PBXResourcesBuildPhase section */
		C8F1BF4D2092F84D00AEFE72 /* Resources */ = {
			isa = PBXResourcesBuildPhase;
			buildActionMask = 2147483647;
			files = (
				C8F1BFC6209328E600AEFE72 /* 10.jpg in Resources */,
				C8F1BFCB209328F700AEFE72 /* nizhuan.jpg in Resources */,
				C8F1BFC5209328E600AEFE72 /* 8.jpg in Resources */,
				C8F1BFC4209328E600AEFE72 /* 5.jpg in Resources */,
				C8F1BFBF209328E600AEFE72 /* 4.jpg in Resources */,
				C8F1BFBE209328E600AEFE72 /* 3.jpg in Resources */,
				C8F1BFC1209328E600AEFE72 /* 6.jpg in Resources */,
				C8F1BFCA209328F700AEFE72 /* pikaqiu.jpg in Resources */,
				C855B67B2099A6E800F7A73E /* 紫川.txt in Resources */,
				C8F1BFC0209328E600AEFE72 /* 2.jpg in Resources */,
				C8F1BF5F2092F84F00AEFE72 /* LaunchScreen.storyboard in Resources */,
				C8F1BF5C2092F84F00AEFE72 /* Assets.xcassets in Resources */,
				C8F1BFC2209328E600AEFE72 /* 7.jpg in Resources */,
				C8F1BFA72093178700AEFE72 /* test.txt in Resources */,
				C8F1BFCC209328F700AEFE72 /* huoyan.jpg in Resources */,
				C8F1BFA92093262D00AEFE72 /* placeholder.png in Resources */,
				C8F1BFC3209328E600AEFE72 /* 1.jpg in Resources */,
			);
			runOnlyForDeploymentPostprocessing = 0;
		};
/* End PBXResourcesBuildPhase section */

/* Begin PBXShellScriptBuildPhase section */
		71C320FA37623F7525FA8F67 /* [CP] Embed Pods Frameworks */ = {
			isa = PBXShellScriptBuildPhase;
			buildActionMask = 2147483647;
			files = (
			);
			inputPaths = (
				"${SRCROOT}/Pods/Target Support Files/Pods-MyWorld/Pods-MyWorld-frameworks.sh",
				"${BUILT_PRODUCTS_DIR}/AFNetworking/AFNetworking.framework",
				"${BUILT_PRODUCTS_DIR}/FDFullscreenPopGesture/FDFullscreenPopGesture.framework",
				"${BUILT_PRODUCTS_DIR}/FMDB/FMDB.framework",
				"${BUILT_PRODUCTS_DIR}/HMSegmentedControl/HMSegmentedControl.framework",
				"${BUILT_PRODUCTS_DIR}/IQKeyboardManager/IQKeyboardManager.framework",
				"${BUILT_PRODUCTS_DIR}/LLSlideMenu/LLSlideMenu.framework",
				"${BUILT_PRODUCTS_DIR}/MBProgressHUD/MBProgressHUD.framework",
				"${BUILT_PRODUCTS_DIR}/MJExtension/MJExtension.framework",
				"${BUILT_PRODUCTS_DIR}/MJRefresh/MJRefresh.framework",
				"${BUILT_PRODUCTS_DIR}/Masonry/Masonry.framework",
				"${BUILT_PRODUCTS_DIR}/PYSearch/PYSearch.framework",
				"${BUILT_PRODUCTS_DIR}/ReactiveCocoa/ReactiveCocoa.framework",
				"${BUILT_PRODUCTS_DIR}/SAMKeychain/SAMKeychain.framework",
				"${BUILT_PRODUCTS_DIR}/SDCycleScrollView/SDCycleScrollView.framework",
				"${BUILT_PRODUCTS_DIR}/SDWebImage/SDWebImage.framework",
				"${BUILT_PRODUCTS_DIR}/STPickerView/STPickerView.framework",
				"${BUILT_PRODUCTS_DIR}/TZImagePickerController/TZImagePickerController.framework",
				"${BUILT_PRODUCTS_DIR}/YLProgressBar/YLProgressBar.framework",
				"${BUILT_PRODUCTS_DIR}/ZFPlayer/ZFPlayer.framework",
				"${BUILT_PRODUCTS_DIR}/pop/pop.framework",
			);
			name = "[CP] Embed Pods Frameworks";
			outputPaths = (
				"${TARGET_BUILD_DIR}/${FRAMEWORKS_FOLDER_PATH}/AFNetworking.framework",
				"${TARGET_BUILD_DIR}/${FRAMEWORKS_FOLDER_PATH}/FDFullscreenPopGesture.framework",
				"${TARGET_BUILD_DIR}/${FRAMEWORKS_FOLDER_PATH}/FMDB.framework",
				"${TARGET_BUILD_DIR}/${FRAMEWORKS_FOLDER_PATH}/HMSegmentedControl.framework",
				"${TARGET_BUILD_DIR}/${FRAMEWORKS_FOLDER_PATH}/IQKeyboardManager.framework",
				"${TARGET_BUILD_DIR}/${FRAMEWORKS_FOLDER_PATH}/LLSlideMenu.framework",
				"${TARGET_BUILD_DIR}/${FRAMEWORKS_FOLDER_PATH}/MBProgressHUD.framework",
				"${TARGET_BUILD_DIR}/${FRAMEWORKS_FOLDER_PATH}/MJExtension.framework",
				"${TARGET_BUILD_DIR}/${FRAMEWORKS_FOLDER_PATH}/MJRefresh.framework",
				"${TARGET_BUILD_DIR}/${FRAMEWORKS_FOLDER_PATH}/Masonry.framework",
				"${TARGET_BUILD_DIR}/${FRAMEWORKS_FOLDER_PATH}/PYSearch.framework",
				"${TARGET_BUILD_DIR}/${FRAMEWORKS_FOLDER_PATH}/ReactiveCocoa.framework",
				"${TARGET_BUILD_DIR}/${FRAMEWORKS_FOLDER_PATH}/SAMKeychain.framework",
				"${TARGET_BUILD_DIR}/${FRAMEWORKS_FOLDER_PATH}/SDCycleScrollView.framework",
				"${TARGET_BUILD_DIR}/${FRAMEWORKS_FOLDER_PATH}/SDWebImage.framework",
				"${TARGET_BUILD_DIR}/${FRAMEWORKS_FOLDER_PATH}/STPickerView.framework",
				"${TARGET_BUILD_DIR}/${FRAMEWORKS_FOLDER_PATH}/TZImagePickerController.framework",
				"${TARGET_BUILD_DIR}/${FRAMEWORKS_FOLDER_PATH}/YLProgressBar.framework",
				"${TARGET_BUILD_DIR}/${FRAMEWORKS_FOLDER_PATH}/ZFPlayer.framework",
				"${TARGET_BUILD_DIR}/${FRAMEWORKS_FOLDER_PATH}/pop.framework",
			);
			runOnlyForDeploymentPostprocessing = 0;
			shellPath = /bin/sh;
			shellScript = "\"${SRCROOT}/Pods/Target Support Files/Pods-MyWorld/Pods-MyWorld-frameworks.sh\"\n";
			showEnvVarsInLog = 0;
		};
		8A815FCE4F0448EAAC77F160 /* [CP] Check Pods Manifest.lock */ = {
			isa = PBXShellScriptBuildPhase;
			buildActionMask = 2147483647;
			files = (
			);
			inputPaths = (
				"${PODS_PODFILE_DIR_PATH}/Podfile.lock",
				"${PODS_ROOT}/Manifest.lock",
			);
			name = "[CP] Check Pods Manifest.lock";
			outputPaths = (
				"$(DERIVED_FILE_DIR)/Pods-MyWorld-checkManifestLockResult.txt",
			);
			runOnlyForDeploymentPostprocessing = 0;
			shellPath = /bin/sh;
			shellScript = "diff \"${PODS_PODFILE_DIR_PATH}/Podfile.lock\" \"${PODS_ROOT}/Manifest.lock\" > /dev/null\nif [ $? != 0 ] ; then\n    # print error to STDERR\n    echo \"error: The sandbox is not in sync with the Podfile.lock. Run 'pod install' or update your CocoaPods installation.\" >&2\n    exit 1\nfi\n# This output is used by Xcode 'outputs' to avoid re-running this script phase.\necho \"SUCCESS\" > \"${SCRIPT_OUTPUT_FILE_0}\"\n";
			showEnvVarsInLog = 0;
		};
/* End PBXShellScriptBuildPhase section */

/* Begin PBXSourcesBuildPhase section */
		C8F1BF4B2092F84D00AEFE72 /* Sources */ = {
			isa = PBXSourcesBuildPhase;
			buildActionMask = 2147483647;
			files = (
				C8F1BF802093163C00AEFE72 /* WBTableViewCell.m in Sources */,
				C8990E3E209406410095D96A /* BookViewModel.m in Sources */,
				C8F1BFA3209316D200AEFE72 /* TTSpark.m in Sources */,
				C8990E4A209460F80095D96A /* BookReadView.m in Sources */,
				C8F1BFB3209326DD00AEFE72 /* HomeCell.m in Sources */,
				C8B6480A209DA4A20071EA21 /* BookInfoViewModel.m in Sources */,
				C817C34D209FED7D00A472B4 /* WebBookController.m in Sources */,
				C8B64807209DA2300071EA21 /* BookInfoChapModel.m in Sources */,
				C8F1BF9E209316D200AEFE72 /* UIView+TTAutoLayout.m in Sources */,
				C89A7F6A20A19A5E0057B31A /* BookChapListCell.m in Sources */,
				C8F1BF812093163C00AEFE72 /* UILabel+Copy.m in Sources */,
				C8F1BF832093163C00AEFE72 /* WBSearchBar.m in Sources */,
				C8B647FB209D90220071EA21 /* BookInfoCell.m in Sources */,
				C8F1BF622092F84F00AEFE72 /* main.m in Sources */,
				C8F1BFA0209316D200AEFE72 /* TTFaveButton.m in Sources */,
				C88DAA84209C06D600AC9252 /* TabBarController.m in Sources */,
				C8F1BFA2209316D200AEFE72 /* TTRing.m in Sources */,
				C89A7F6720A19A360057B31A /* BookChapListController.m in Sources */,
				C88DAA95209C10DB00AC9252 /* BookIndexNoImgCell.m in Sources */,
				C88DAA92209C10C300AC9252 /* BookIndexImgCell.m in Sources */,
				C817C350209FED9E00A472B4 /* WebBookViewModel.m in Sources */,
				C8B647F4209D88570071EA21 /* BookInfoController.m in Sources */,
				C8E68BC920AA6C5C0024495D /* WBProgressView.m in Sources */,
				C88DAA8F209C102A00AC9252 /* BookIndexController.m in Sources */,
				C8B64801209D96E40071EA21 /* BookInfoTableHeadView.m in Sources */,
				C8B64804209DA2200071EA21 /* BookInfoModel.m in Sources */,
				C8990E44209406AF0095D96A /* BookChapModel.m in Sources */,
				C8F1BF7E2093163C00AEFE72 /* WBUtil.m in Sources */,
				C8F1BF7F2093163C00AEFE72 /* WBUtil+WBTableViewCell.m in Sources */,
				C8F1BF8E209316B400AEFE72 /* WBNetWorkTool.m in Sources */,
				C8F1BF8A2093169C00AEFE72 /* UIColor+UIColorExt.m in Sources */,
				C8F1BF6A2093158500AEFE72 /* BaseController.m in Sources */,
				C88DAA9B209C3DB800AC9252 /* BookIndexModel.m in Sources */,
				C88DAA98209C378C00AC9252 /* BookIndexSectionView.m in Sources */,
				C8F1BF542092F84D00AEFE72 /* AppDelegate.m in Sources */,
				C8F1BFA4209316D200AEFE72 /* TTEasing.m in Sources */,
				C8B647FE209D90400071EA21 /* BookInfoSectionView.m in Sources */,
				C8F1BF822093163C00AEFE72 /* NSMutableDictionary+ToJson.m in Sources */,
				C8DED9A720A2E79500EF72B8 /* WBDatabase.m in Sources */,
				C8990E3A2094042A0095D96A /* BookController.m in Sources */,
				C8990E412094067A0095D96A /* BookModel.m in Sources */,
				C8F1BFB0209326AC00AEFE72 /* HomeViewController.m in Sources */,
				C8F1BF9F209316D200AEFE72 /* UIView+TTKit.m in Sources */,
				C8990E47209459660095D96A /* BookPageController.m in Sources */,
				C89A7F6420A195160057B31A /* BookShelfController.m in Sources */,
				C8F1BF892093169C00AEFE72 /* CCProgressHUD.m in Sources */,
				C8F1BFA1209316D200AEFE72 /* TTFaveIcon.m in Sources */,
				C88DAA9E209C3E8000AC9252 /* BookIndexViewModel.m in Sources */,
				C8F1BF7D2093163C00AEFE72 /* Reachability.m in Sources */,
			);
			runOnlyForDeploymentPostprocessing = 0;
		};
/* End PBXSourcesBuildPhase section */

/* Begin PBXVariantGroup section */
		C8F1BF5D2092F84F00AEFE72 /* LaunchScreen.storyboard */ = {
			isa = PBXVariantGroup;
			children = (
				C8F1BF5E2092F84F00AEFE72 /* Base */,
			);
			name = LaunchScreen.storyboard;
			sourceTree = "<group>";
		};
/* End PBXVariantGroup section */

/* Begin XCBuildConfiguration section */
		C8F1BF632092F84F00AEFE72 /* Debug */ = {
			isa = XCBuildConfiguration;
			buildSettings = {
				ALWAYS_SEARCH_USER_PATHS = NO;
				CLANG_ANALYZER_NONNULL = YES;
				CLANG_ANALYZER_NUMBER_OBJECT_CONVERSION = YES_AGGRESSIVE;
				CLANG_CXX_LANGUAGE_STANDARD = "gnu++14";
				CLANG_CXX_LIBRARY = "libc++";
				CLANG_ENABLE_MODULES = YES;
				CLANG_ENABLE_OBJC_ARC = YES;
				CLANG_ENABLE_OBJC_WEAK = YES;
				CLANG_WARN_BLOCK_CAPTURE_AUTORELEASING = YES;
				CLANG_WARN_BOOL_CONVERSION = YES;
				CLANG_WARN_COMMA = YES;
				CLANG_WARN_CONSTANT_CONVERSION = YES;
				CLANG_WARN_DEPRECATED_OBJC_IMPLEMENTATIONS = YES;
				CLANG_WARN_DIRECT_OBJC_ISA_USAGE = YES_ERROR;
				CLANG_WARN_DOCUMENTATION_COMMENTS = YES;
				CLANG_WARN_EMPTY_BODY = YES;
				CLANG_WARN_ENUM_CONVERSION = YES;
				CLANG_WARN_INFINITE_RECURSION = YES;
				CLANG_WARN_INT_CONVERSION = YES;
				CLANG_WARN_NON_LITERAL_NULL_CONVERSION = YES;
				CLANG_WARN_OBJC_IMPLICIT_RETAIN_SELF = YES;
				CLANG_WARN_OBJC_LITERAL_CONVERSION = YES;
				CLANG_WARN_OBJC_ROOT_CLASS = YES_ERROR;
				CLANG_WARN_RANGE_LOOP_ANALYSIS = YES;
				CLANG_WARN_STRICT_PROTOTYPES = YES;
				CLANG_WARN_SUSPICIOUS_MOVE = YES;
				CLANG_WARN_UNGUARDED_AVAILABILITY = YES_AGGRESSIVE;
				CLANG_WARN_UNREACHABLE_CODE = YES;
				CLANG_WARN__DUPLICATE_METHOD_MATCH = YES;
				CODE_SIGN_IDENTITY = "iPhone Developer";
				COPY_PHASE_STRIP = NO;
				DEBUG_INFORMATION_FORMAT = dwarf;
				ENABLE_STRICT_OBJC_MSGSEND = YES;
				ENABLE_TESTABILITY = YES;
				GCC_C_LANGUAGE_STANDARD = gnu11;
				GCC_DYNAMIC_NO_PIC = NO;
				GCC_NO_COMMON_BLOCKS = YES;
				GCC_OPTIMIZATION_LEVEL = 0;
				GCC_PREPROCESSOR_DEFINITIONS = (
					"DEBUG=1",
					"$(inherited)",
				);
				GCC_WARN_64_TO_32_BIT_CONVERSION = YES;
				GCC_WARN_ABOUT_RETURN_TYPE = YES_ERROR;
				GCC_WARN_UNDECLARED_SELECTOR = YES;
				GCC_WARN_UNINITIALIZED_AUTOS = YES_AGGRESSIVE;
				GCC_WARN_UNUSED_FUNCTION = YES;
				GCC_WARN_UNUSED_VARIABLE = YES;
				IPHONEOS_DEPLOYMENT_TARGET = 11.3;
				MTL_ENABLE_DEBUG_INFO = YES;
				ONLY_ACTIVE_ARCH = YES;
				SDKROOT = iphoneos;
			};
			name = Debug;
		};
		C8F1BF642092F84F00AEFE72 /* Release */ = {
			isa = XCBuildConfiguration;
			buildSettings = {
				ALWAYS_SEARCH_USER_PATHS = NO;
				CLANG_ANALYZER_NONNULL = YES;
				CLANG_ANALYZER_NUMBER_OBJECT_CONVERSION = YES_AGGRESSIVE;
				CLANG_CXX_LANGUAGE_STANDARD = "gnu++14";
				CLANG_CXX_LIBRARY = "libc++";
				CLANG_ENABLE_MODULES = YES;
				CLANG_ENABLE_OBJC_ARC = YES;
				CLANG_ENABLE_OBJC_WEAK = YES;
				CLANG_WARN_BLOCK_CAPTURE_AUTORELEASING = YES;
				CLANG_WARN_BOOL_CONVERSION = YES;
				CLANG_WARN_COMMA = YES;
				CLANG_WARN_CONSTANT_CONVERSION = YES;
				CLANG_WARN_DEPRECATED_OBJC_IMPLEMENTATIONS = YES;
				CLANG_WARN_DIRECT_OBJC_ISA_USAGE = YES_ERROR;
				CLANG_WARN_DOCUMENTATION_COMMENTS = YES;
				CLANG_WARN_EMPTY_BODY = YES;
				CLANG_WARN_ENUM_CONVERSION = YES;
				CLANG_WARN_INFINITE_RECURSION = YES;
				CLANG_WARN_INT_CONVERSION = YES;
				CLANG_WARN_NON_LITERAL_NULL_CONVERSION = YES;
				CLANG_WARN_OBJC_IMPLICIT_RETAIN_SELF = YES;
				CLANG_WARN_OBJC_LITERAL_CONVERSION = YES;
				CLANG_WARN_OBJC_ROOT_CLASS = YES_ERROR;
				CLANG_WARN_RANGE_LOOP_ANALYSIS = YES;
				CLANG_WARN_STRICT_PROTOTYPES = YES;
				CLANG_WARN_SUSPICIOUS_MOVE = YES;
				CLANG_WARN_UNGUARDED_AVAILABILITY = YES_AGGRESSIVE;
				CLANG_WARN_UNREACHABLE_CODE = YES;
				CLANG_WARN__DUPLICATE_METHOD_MATCH = YES;
				CODE_SIGN_IDENTITY = "iPhone Developer";
				COPY_PHASE_STRIP = NO;
				DEBUG_INFORMATION_FORMAT = "dwarf-with-dsym";
				ENABLE_NS_ASSERTIONS = NO;
				ENABLE_STRICT_OBJC_MSGSEND = YES;
				GCC_C_LANGUAGE_STANDARD = gnu11;
				GCC_NO_COMMON_BLOCKS = YES;
				GCC_WARN_64_TO_32_BIT_CONVERSION = YES;
				GCC_WARN_ABOUT_RETURN_TYPE = YES_ERROR;
				GCC_WARN_UNDECLARED_SELECTOR = YES;
				GCC_WARN_UNINITIALIZED_AUTOS = YES_AGGRESSIVE;
				GCC_WARN_UNUSED_FUNCTION = YES;
				GCC_WARN_UNUSED_VARIABLE = YES;
				IPHONEOS_DEPLOYMENT_TARGET = 11.3;
				MTL_ENABLE_DEBUG_INFO = NO;
				SDKROOT = iphoneos;
				VALIDATE_PRODUCT = YES;
			};
			name = Release;
		};
		C8F1BF662092F84F00AEFE72 /* Debug */ = {
			isa = XCBuildConfiguration;
			baseConfigurationReference = 60A1813EAF3759AE9005EE0F /* Pods-MyWorld.debug.xcconfig */;
			buildSettings = {
				ALWAYS_EMBED_SWIFT_STANDARD_LIBRARIES = NO;
				ASSETCATALOG_COMPILER_APPICON_NAME = AppIcon;
				CODE_SIGN_STYLE = Automatic;
				DEVELOPMENT_TEAM = F9XYGETKQQ;
				GCC_PRECOMPILE_PREFIX_HEADER = YES;
				GCC_PREFIX_HEADER = MyWorld/PrefixHeader.pch;
				INFOPLIST_FILE = MyWorld/Info.plist;
				LD_RUNPATH_SEARCH_PATHS = (
					"$(inherited)",
					"@executable_path/Frameworks",
				);
				PRODUCT_BUNDLE_IDENTIFIER = wayneking.MyWorld;
				PRODUCT_NAME = "$(TARGET_NAME)";
				TARGETED_DEVICE_FAMILY = 1;
			};
			name = Debug;
		};
		C8F1BF672092F84F00AEFE72 /* Release */ = {
			isa = XCBuildConfiguration;
			baseConfigurationReference = ED747B27282CB73768B1A626 /* Pods-MyWorld.release.xcconfig */;
			buildSettings = {
				ALWAYS_EMBED_SWIFT_STANDARD_LIBRARIES = NO;
				ASSETCATALOG_COMPILER_APPICON_NAME = AppIcon;
				CODE_SIGN_STYLE = Automatic;
				DEVELOPMENT_TEAM = F9XYGETKQQ;
				GCC_PRECOMPILE_PREFIX_HEADER = YES;
				GCC_PREFIX_HEADER = MyWorld/PrefixHeader.pch;
				INFOPLIST_FILE = MyWorld/Info.plist;
				LD_RUNPATH_SEARCH_PATHS = (
					"$(inherited)",
					"@executable_path/Frameworks",
				);
				PRODUCT_BUNDLE_IDENTIFIER = wayneking.MyWorld;
				PRODUCT_NAME = "$(TARGET_NAME)";
				TARGETED_DEVICE_FAMILY = 1;
			};
			name = Release;
		};
/* End XCBuildConfiguration section */

/* Begin XCConfigurationList section */
		C8F1BF4A2092F84C00AEFE72 /* Build configuration list for PBXProject "MyWorld" */ = {
			isa = XCConfigurationList;
			buildConfigurations = (
				C8F1BF632092F84F00AEFE72 /* Debug */,
				C8F1BF642092F84F00AEFE72 /* Release */,
			);
			defaultConfigurationIsVisible = 0;
			defaultConfigurationName = Release;
		};
		C8F1BF652092F84F00AEFE72 /* Build configuration list for PBXNativeTarget "MyWorld" */ = {
			isa = XCConfigurationList;
			buildConfigurations = (
				C8F1BF662092F84F00AEFE72 /* Debug */,
				C8F1BF672092F84F00AEFE72 /* Release */,
			);
			defaultConfigurationIsVisible = 0;
			defaultConfigurationName = Release;
		};
/* End XCConfigurationList section */
	};
	rootObject = C8F1BF472092F84C00AEFE72 /* Project object */;
}
